// !$*UTF8*$!
{
	archiveVersion = 1;
	classes = {
	};
	objectVersion = 51;
	objects = {

/* Begin PBXBuildFile section */
		86EF5E3C7BE0741407C83EFD /* Pods_MVVMExample_MVVMExampleUITests.framework in Frameworks */ = {isa = PBXBuildFile; fileRef = BF48968ACBB369812F4674E5 /* Pods_MVVMExample_MVVMExampleUITests.framework */; };
		91A63814EF0FDDC810ADCF77 /* Pods_MVVMExample_MVVMExampleTests.framework in Frameworks */ = {isa = PBXBuildFile; fileRef = 3E3C2DFDDF8FCDBBF1E0A024 /* Pods_MVVMExample_MVVMExampleTests.framework */; };
		EA7FEFFE9D414383437487B9 /* Pods_MVVMExample.framework in Frameworks */ = {isa = PBXBuildFile; fileRef = B55ED20A6651802D507328EB /* Pods_MVVMExample.framework */; };
		FAD8144E255EB686006EE9EC /* AppDelegate.swift in Sources */ = {isa = PBXBuildFile; fileRef = FAD8144D255EB686006EE9EC /* AppDelegate.swift */; };
		FAD81450255EB686006EE9EC /* SceneDelegate.swift in Sources */ = {isa = PBXBuildFile; fileRef = FAD8144F255EB686006EE9EC /* SceneDelegate.swift */; };
		FAD81452255EB686006EE9EC /* ViewController.swift in Sources */ = {isa = PBXBuildFile; fileRef = FAD81451255EB686006EE9EC /* ViewController.swift */; };
		FAD81455255EB686006EE9EC /* Main.storyboard in Resources */ = {isa = PBXBuildFile; fileRef = FAD81453255EB686006EE9EC /* Main.storyboard */; };
		FAD81457255EB687006EE9EC /* Assets.xcassets in Resources */ = {isa = PBXBuildFile; fileRef = FAD81456255EB687006EE9EC /* Assets.xcassets */; };
		FAD8145A255EB687006EE9EC /* LaunchScreen.storyboard in Resources */ = {isa = PBXBuildFile; fileRef = FAD81458255EB687006EE9EC /* LaunchScreen.storyboard */; };
		FAD81465255EB687006EE9EC /* MVVMExampleTests.swift in Sources */ = {isa = PBXBuildFile; fileRef = FAD81464255EB687006EE9EC /* MVVMExampleTests.swift */; };
		FAD81470255EB688006EE9EC /* MVVMExampleUITests.swift in Sources */ = {isa = PBXBuildFile; fileRef = FAD8146F255EB688006EE9EC /* MVVMExampleUITests.swift */; };
		FAD81482255EB72C006EE9EC /* HomeModel.swift in Sources */ = {isa = PBXBuildFile; fileRef = FAD81481255EB72C006EE9EC /* HomeModel.swift */; };
		FAD8148A255EB73E006EE9EC /* HomeViewModel.swift in Sources */ = {isa = PBXBuildFile; fileRef = FAD81489255EB73E006EE9EC /* HomeViewModel.swift */; };
		FAD814B6255ECC46006EE9EC /* Constants.swift in Sources */ = {isa = PBXBuildFile; fileRef = FAD814B5255ECC46006EE9EC /* Constants.swift */; };
		FAD814BE255ECCFA006EE9EC /* ConnectionManager.swift in Sources */ = {isa = PBXBuildFile; fileRef = FAD814BD255ECCFA006EE9EC /* ConnectionManager.swift */; };
		FAD814CF255ECF04006EE9EC /* Movies.swift in Sources */ = {isa = PBXBuildFile; fileRef = FAD814CE255ECF04006EE9EC /* Movies.swift */; };
		FAD814EB2561DC53006EE9EC /* HomeRouter.swift in Sources */ = {isa = PBXBuildFile; fileRef = FAD814EA2561DC53006EE9EC /* HomeRouter.swift */; };
		FAD814F12561DD2F006EE9EC /* HomeViewController.swift in Sources */ = {isa = PBXBuildFile; fileRef = FAD814F02561DD2F006EE9EC /* HomeViewController.swift */; };
/* End PBXBuildFile section */

/* Begin PBXContainerItemProxy section */
		FAD81461255EB687006EE9EC /* PBXContainerItemProxy */ = {
			isa = PBXContainerItemProxy;
			containerPortal = FAD81442255EB686006EE9EC /* Project object */;
			proxyType = 1;
			remoteGlobalIDString = FAD81449255EB686006EE9EC;
			remoteInfo = MVVMExample;
		};
		FAD8146C255EB688006EE9EC /* PBXContainerItemProxy */ = {
			isa = PBXContainerItemProxy;
			containerPortal = FAD81442255EB686006EE9EC /* Project object */;
			proxyType = 1;
			remoteGlobalIDString = FAD81449255EB686006EE9EC;
			remoteInfo = MVVMExample;
		};
/* End PBXContainerItemProxy section */

/* Begin PBXFileReference section */
		119AAAEDA9CCB72282564B72 /* Pods-MVVMExample.debug.xcconfig */ = {isa = PBXFileReference; includeInIndex = 1; lastKnownFileType = text.xcconfig; name = "Pods-MVVMExample.debug.xcconfig"; path = "Target Support Files/Pods-MVVMExample/Pods-MVVMExample.debug.xcconfig"; sourceTree = "<group>"; };
		1DFB52FF88B639C126FA4A41 /* Pods-MVVMExample-MVVMExampleUITests.release.xcconfig */ = {isa = PBXFileReference; includeInIndex = 1; lastKnownFileType = text.xcconfig; name = "Pods-MVVMExample-MVVMExampleUITests.release.xcconfig"; path = "Target Support Files/Pods-MVVMExample-MVVMExampleUITests/Pods-MVVMExample-MVVMExampleUITests.release.xcconfig"; sourceTree = "<group>"; };
		3E3C2DFDDF8FCDBBF1E0A024 /* Pods_MVVMExample_MVVMExampleTests.framework */ = {isa = PBXFileReference; explicitFileType = wrapper.framework; includeInIndex = 0; path = Pods_MVVMExample_MVVMExampleTests.framework; sourceTree = BUILT_PRODUCTS_DIR; };
		5C9B8A343F545263D743727E /* Pods-MVVMExample-MVVMExampleUITests.debug.xcconfig */ = {isa = PBXFileReference; includeInIndex = 1; lastKnownFileType = text.xcconfig; name = "Pods-MVVMExample-MVVMExampleUITests.debug.xcconfig"; path = "Target Support Files/Pods-MVVMExample-MVVMExampleUITests/Pods-MVVMExample-MVVMExampleUITests.debug.xcconfig"; sourceTree = "<group>"; };
		77B763D1FAB53D7F84577B69 /* Pods-MVVMExample-MVVMExampleTests.release.xcconfig */ = {isa = PBXFileReference; includeInIndex = 1; lastKnownFileType = text.xcconfig; name = "Pods-MVVMExample-MVVMExampleTests.release.xcconfig"; path = "Target Support Files/Pods-MVVMExample-MVVMExampleTests/Pods-MVVMExample-MVVMExampleTests.release.xcconfig"; sourceTree = "<group>"; };
		B55ED20A6651802D507328EB /* Pods_MVVMExample.framework */ = {isa = PBXFileReference; explicitFileType = wrapper.framework; includeInIndex = 0; path = Pods_MVVMExample.framework; sourceTree = BUILT_PRODUCTS_DIR; };
		BF48968ACBB369812F4674E5 /* Pods_MVVMExample_MVVMExampleUITests.framework */ = {isa = PBXFileReference; explicitFileType = wrapper.framework; includeInIndex = 0; path = Pods_MVVMExample_MVVMExampleUITests.framework; sourceTree = BUILT_PRODUCTS_DIR; };
		DE4A1A0E2247CF0BB82C0206 /* Pods-MVVMExample.release.xcconfig */ = {isa = PBXFileReference; includeInIndex = 1; lastKnownFileType = text.xcconfig; name = "Pods-MVVMExample.release.xcconfig"; path = "Target Support Files/Pods-MVVMExample/Pods-MVVMExample.release.xcconfig"; sourceTree = "<group>"; };
		FAD8144A255EB686006EE9EC /* MVVMExample.app */ = {isa = PBXFileReference; explicitFileType = wrapper.application; includeInIndex = 0; path = MVVMExample.app; sourceTree = BUILT_PRODUCTS_DIR; };
		FAD8144D255EB686006EE9EC /* AppDelegate.swift */ = {isa = PBXFileReference; lastKnownFileType = sourcecode.swift; path = AppDelegate.swift; sourceTree = "<group>"; };
		FAD8144F255EB686006EE9EC /* SceneDelegate.swift */ = {isa = PBXFileReference; lastKnownFileType = sourcecode.swift; path = SceneDelegate.swift; sourceTree = "<group>"; };
		FAD81451255EB686006EE9EC /* ViewController.swift */ = {isa = PBXFileReference; lastKnownFileType = sourcecode.swift; path = ViewController.swift; sourceTree = "<group>"; };
		FAD81454255EB686006EE9EC /* Base */ = {isa = PBXFileReference; lastKnownFileType = file.storyboard; name = Base; path = Base.lproj/Main.storyboard; sourceTree = "<group>"; };
		FAD81456255EB687006EE9EC /* Assets.xcassets */ = {isa = PBXFileReference; lastKnownFileType = folder.assetcatalog; path = Assets.xcassets; sourceTree = "<group>"; };
		FAD81459255EB687006EE9EC /* Base */ = {isa = PBXFileReference; lastKnownFileType = file.storyboard; name = Base; path = Base.lproj/LaunchScreen.storyboard; sourceTree = "<group>"; };
		FAD8145B255EB687006EE9EC /* Info.plist */ = {isa = PBXFileReference; lastKnownFileType = text.plist.xml; path = Info.plist; sourceTree = "<group>"; };
		FAD81460255EB687006EE9EC /* MVVMExampleTests.xctest */ = {isa = PBXFileReference; explicitFileType = wrapper.cfbundle; includeInIndex = 0; path = MVVMExampleTests.xctest; sourceTree = BUILT_PRODUCTS_DIR; };
		FAD81464255EB687006EE9EC /* MVVMExampleTests.swift */ = {isa = PBXFileReference; lastKnownFileType = sourcecode.swift; path = MVVMExampleTests.swift; sourceTree = "<group>"; };
		FAD81466255EB687006EE9EC /* Info.plist */ = {isa = PBXFileReference; lastKnownFileType = text.plist.xml; path = Info.plist; sourceTree = "<group>"; };
		FAD8146B255EB688006EE9EC /* MVVMExampleUITests.xctest */ = {isa = PBXFileReference; explicitFileType = wrapper.cfbundle; includeInIndex = 0; path = MVVMExampleUITests.xctest; sourceTree = BUILT_PRODUCTS_DIR; };
		FAD8146F255EB688006EE9EC /* MVVMExampleUITests.swift */ = {isa = PBXFileReference; lastKnownFileType = sourcecode.swift; path = MVVMExampleUITests.swift; sourceTree = "<group>"; };
		FAD81471255EB688006EE9EC /* Info.plist */ = {isa = PBXFileReference; lastKnownFileType = text.plist.xml; path = Info.plist; sourceTree = "<group>"; };
		FAD81481255EB72C006EE9EC /* HomeModel.swift */ = {isa = PBXFileReference; lastKnownFileType = sourcecode.swift; path = HomeModel.swift; sourceTree = "<group>"; };
		FAD81489255EB73E006EE9EC /* HomeViewModel.swift */ = {isa = PBXFileReference; lastKnownFileType = sourcecode.swift; path = HomeViewModel.swift; sourceTree = "<group>"; };
		FAD814B5255ECC46006EE9EC /* Constants.swift */ = {isa = PBXFileReference; lastKnownFileType = sourcecode.swift; path = Constants.swift; sourceTree = "<group>"; };
		FAD814BD255ECCFA006EE9EC /* ConnectionManager.swift */ = {isa = PBXFileReference; lastKnownFileType = sourcecode.swift; path = ConnectionManager.swift; sourceTree = "<group>"; };
		FAD814CE255ECF04006EE9EC /* Movies.swift */ = {isa = PBXFileReference; lastKnownFileType = sourcecode.swift; path = Movies.swift; sourceTree = "<group>"; };
		FAD814EA2561DC53006EE9EC /* HomeRouter.swift */ = {isa = PBXFileReference; lastKnownFileType = sourcecode.swift; path = HomeRouter.swift; sourceTree = "<group>"; };
		FAD814F02561DD2F006EE9EC /* HomeViewController.swift */ = {isa = PBXFileReference; lastKnownFileType = sourcecode.swift; path = HomeViewController.swift; sourceTree = "<group>"; };
		FE2B953901B88F6171F9DEC0 /* Pods-MVVMExample-MVVMExampleTests.debug.xcconfig */ = {isa = PBXFileReference; includeInIndex = 1; lastKnownFileType = text.xcconfig; name = "Pods-MVVMExample-MVVMExampleTests.debug.xcconfig"; path = "Target Support Files/Pods-MVVMExample-MVVMExampleTests/Pods-MVVMExample-MVVMExampleTests.debug.xcconfig"; sourceTree = "<group>"; };
/* End PBXFileReference section */

/* Begin PBXFrameworksBuildPhase section */
		FAD81447255EB686006EE9EC /* Frameworks */ = {
			isa = PBXFrameworksBuildPhase;
			buildActionMask = 2147483647;
			files = (
				EA7FEFFE9D414383437487B9 /* Pods_MVVMExample.framework in Frameworks */,
			);
			runOnlyForDeploymentPostprocessing = 0;
		};
		FAD8145D255EB687006EE9EC /* Frameworks */ = {
			isa = PBXFrameworksBuildPhase;
			buildActionMask = 2147483647;
			files = (
				91A63814EF0FDDC810ADCF77 /* Pods_MVVMExample_MVVMExampleTests.framework in Frameworks */,
			);
			runOnlyForDeploymentPostprocessing = 0;
		};
		FAD81468255EB688006EE9EC /* Frameworks */ = {
			isa = PBXFrameworksBuildPhase;
			buildActionMask = 2147483647;
			files = (
				86EF5E3C7BE0741407C83EFD /* Pods_MVVMExample_MVVMExampleUITests.framework in Frameworks */,
			);
			runOnlyForDeploymentPostprocessing = 0;
		};
/* End PBXFrameworksBuildPhase section */

/* Begin PBXGroup section */
		940F8CD6C62CA1A44CA553FB /* Pods */ = {
			isa = PBXGroup;
			children = (
				119AAAEDA9CCB72282564B72 /* Pods-MVVMExample.debug.xcconfig */,
				DE4A1A0E2247CF0BB82C0206 /* Pods-MVVMExample.release.xcconfig */,
				FE2B953901B88F6171F9DEC0 /* Pods-MVVMExample-MVVMExampleTests.debug.xcconfig */,
				77B763D1FAB53D7F84577B69 /* Pods-MVVMExample-MVVMExampleTests.release.xcconfig */,
				5C9B8A343F545263D743727E /* Pods-MVVMExample-MVVMExampleUITests.debug.xcconfig */,
				1DFB52FF88B639C126FA4A41 /* Pods-MVVMExample-MVVMExampleUITests.release.xcconfig */,
			);
			path = Pods;
			sourceTree = "<group>";
		};
		B9A6159264F6029A38C60E3A /* Frameworks */ = {
			isa = PBXGroup;
			children = (
				B55ED20A6651802D507328EB /* Pods_MVVMExample.framework */,
				3E3C2DFDDF8FCDBBF1E0A024 /* Pods_MVVMExample_MVVMExampleTests.framework */,
				BF48968ACBB369812F4674E5 /* Pods_MVVMExample_MVVMExampleUITests.framework */,
			);
			name = Frameworks;
			sourceTree = "<group>";
		};
		FAD81441255EB686006EE9EC = {
			isa = PBXGroup;
			children = (
				FAD8144C255EB686006EE9EC /* MVVMExample */,
				FAD81463255EB687006EE9EC /* MVVMExampleTests */,
				FAD8146E255EB688006EE9EC /* MVVMExampleUITests */,
				FAD8144B255EB686006EE9EC /* Products */,
				940F8CD6C62CA1A44CA553FB /* Pods */,
				B9A6159264F6029A38C60E3A /* Frameworks */,
			);
			sourceTree = "<group>";
		};
		FAD8144B255EB686006EE9EC /* Products */ = {
			isa = PBXGroup;
			children = (
				FAD8144A255EB686006EE9EC /* MVVMExample.app */,
				FAD81460255EB687006EE9EC /* MVVMExampleTests.xctest */,
				FAD8146B255EB688006EE9EC /* MVVMExampleUITests.xctest */,
			);
			name = Products;
			sourceTree = "<group>";
		};
		FAD8144C255EB686006EE9EC /* MVVMExample */ = {
			isa = PBXGroup;
			children = (
				FAD814B4255ECC37006EE9EC /* DataLayer */,
				FAD81480255EB71B006EE9EC /* Home */,
				FAD8144D255EB686006EE9EC /* AppDelegate.swift */,
				FAD8144F255EB686006EE9EC /* SceneDelegate.swift */,
				FAD81451255EB686006EE9EC /* ViewController.swift */,
				FAD81453255EB686006EE9EC /* Main.storyboard */,
				FAD81456255EB687006EE9EC /* Assets.xcassets */,
				FAD81458255EB687006EE9EC /* LaunchScreen.storyboard */,
				FAD8145B255EB687006EE9EC /* Info.plist */,
			);
			path = MVVMExample;
			sourceTree = "<group>";
		};
		FAD81463255EB687006EE9EC /* MVVMExampleTests */ = {
			isa = PBXGroup;
			children = (
				FAD81464255EB687006EE9EC /* MVVMExampleTests.swift */,
				FAD81466255EB687006EE9EC /* Info.plist */,
			);
			path = MVVMExampleTests;
			sourceTree = "<group>";
		};
		FAD8146E255EB688006EE9EC /* MVVMExampleUITests */ = {
			isa = PBXGroup;
			children = (
				FAD8146F255EB688006EE9EC /* MVVMExampleUITests.swift */,
				FAD81471255EB688006EE9EC /* Info.plist */,
			);
			path = MVVMExampleUITests;
			sourceTree = "<group>";
		};
		FAD81480255EB71B006EE9EC /* Home */ = {
			isa = PBXGroup;
			children = (
				FAD81491255EB74D006EE9EC /* Model */,
				FAD81493255EB761006EE9EC /* View */,
				FAD81492255EB754006EE9EC /* ViewModel */,
				FAD814EF2561DC58006EE9EC /* Router */,
			);
			path = Home;
			sourceTree = "<group>";
		};
		FAD81491255EB74D006EE9EC /* Model */ = {
			isa = PBXGroup;
			children = (
				FAD81481255EB72C006EE9EC /* HomeModel.swift */,
				FAD814CE255ECF04006EE9EC /* Movies.swift */,
			);
			path = Model;
			sourceTree = "<group>";
		};
		FAD81492255EB754006EE9EC /* ViewModel */ = {
			isa = PBXGroup;
			children = (
				FAD81489255EB73E006EE9EC /* HomeViewModel.swift */,
			);
			path = ViewModel;
			sourceTree = "<group>";
		};
		FAD81493255EB761006EE9EC /* View */ = {
			isa = PBXGroup;
			children = (
				FAD814F02561DD2F006EE9EC /* HomeViewController.swift */,
			);
			path = View;
			sourceTree = "<group>";
		};
		FAD814B4255ECC37006EE9EC /* DataLayer */ = {
			isa = PBXGroup;
			children = (
				FAD814B5255ECC46006EE9EC /* Constants.swift */,
				FAD814BD255ECCFA006EE9EC /* ConnectionManager.swift */,
			);
			path = DataLayer;
			sourceTree = "<group>";
		};
		FAD814EF2561DC58006EE9EC /* Router */ = {
			isa = PBXGroup;
			children = (
				FAD814EA2561DC53006EE9EC /* HomeRouter.swift */,
			);
			path = Router;
			sourceTree = "<group>";
		};
/* End PBXGroup section */

/* Begin PBXNativeTarget section */
		FAD81449255EB686006EE9EC /* MVVMExample */ = {
			isa = PBXNativeTarget;
			buildConfigurationList = FAD81474255EB688006EE9EC /* Build configuration list for PBXNativeTarget "MVVMExample" */;
			buildPhases = (
				3396AEEFF6C017D2CC437746 /* [CP] Check Pods Manifest.lock */,
				FAD81446255EB686006EE9EC /* Sources */,
				FAD81447255EB686006EE9EC /* Frameworks */,
				FAD81448255EB686006EE9EC /* Resources */,
				84401F4BA2A7244865CF331A /* [CP] Embed Pods Frameworks */,
				FAD814E6255ED912006EE9EC /* SwiftLint Script */,
			);
			buildRules = (
			);
			dependencies = (
			);
			name = MVVMExample;
			productName = MVVMExample;
			productReference = FAD8144A255EB686006EE9EC /* MVVMExample.app */;
			productType = "com.apple.product-type.application";
		};
		FAD8145F255EB687006EE9EC /* MVVMExampleTests */ = {
			isa = PBXNativeTarget;
			buildConfigurationList = FAD81477255EB688006EE9EC /* Build configuration list for PBXNativeTarget "MVVMExampleTests" */;
			buildPhases = (
				BFF3B3D1E1CF2ABBF740DA82 /* [CP] Check Pods Manifest.lock */,
				FAD8145C255EB687006EE9EC /* Sources */,
				FAD8145D255EB687006EE9EC /* Frameworks */,
				FAD8145E255EB687006EE9EC /* Resources */,
				5D7BF123B070943B7EB6972A /* [CP] Embed Pods Frameworks */,
			);
			buildRules = (
			);
			dependencies = (
				FAD81462255EB687006EE9EC /* PBXTargetDependency */,
			);
			name = MVVMExampleTests;
			productName = MVVMExampleTests;
			productReference = FAD81460255EB687006EE9EC /* MVVMExampleTests.xctest */;
			productType = "com.apple.product-type.bundle.unit-test";
		};
		FAD8146A255EB688006EE9EC /* MVVMExampleUITests */ = {
			isa = PBXNativeTarget;
			buildConfigurationList = FAD8147A255EB688006EE9EC /* Build configuration list for PBXNativeTarget "MVVMExampleUITests" */;
			buildPhases = (
				198CD76180B4BAB0624FDBFE /* [CP] Check Pods Manifest.lock */,
				FAD81467255EB688006EE9EC /* Sources */,
				FAD81468255EB688006EE9EC /* Frameworks */,
				FAD81469255EB688006EE9EC /* Resources */,
				EBF686C77223974E30B7185D /* [CP] Embed Pods Frameworks */,
			);
			buildRules = (
			);
			dependencies = (
				FAD8146D255EB688006EE9EC /* PBXTargetDependency */,
			);
			name = MVVMExampleUITests;
			productName = MVVMExampleUITests;
			productReference = FAD8146B255EB688006EE9EC /* MVVMExampleUITests.xctest */;
			productType = "com.apple.product-type.bundle.ui-testing";
		};
/* End PBXNativeTarget section */

/* Begin PBXProject section */
		FAD81442255EB686006EE9EC /* Project object */ = {
			isa = PBXProject;
			attributes = {
				LastSwiftUpdateCheck = 1200;
				LastUpgradeCheck = 1200;
				TargetAttributes = {
					FAD81449255EB686006EE9EC = {
						CreatedOnToolsVersion = 12.0.1;
					};
					FAD8145F255EB687006EE9EC = {
						CreatedOnToolsVersion = 12.0.1;
						TestTargetID = FAD81449255EB686006EE9EC;
					};
					FAD8146A255EB688006EE9EC = {
						CreatedOnToolsVersion = 12.0.1;
						TestTargetID = FAD81449255EB686006EE9EC;
					};
				};
			};
			buildConfigurationList = FAD81445255EB686006EE9EC /* Build configuration list for PBXProject "MVVMExample" */;
			compatibilityVersion = "Xcode 9.3";
			developmentRegion = en;
			hasScannedForEncodings = 0;
			knownRegions = (
				en,
				Base,
			);
			mainGroup = FAD81441255EB686006EE9EC;
			productRefGroup = FAD8144B255EB686006EE9EC /* Products */;
			projectDirPath = "";
			projectRoot = "";
			targets = (
				FAD81449255EB686006EE9EC /* MVVMExample */,
				FAD8145F255EB687006EE9EC /* MVVMExampleTests */,
				FAD8146A255EB688006EE9EC /* MVVMExampleUITests */,
			);
		};
/* End PBXProject section */

/* Begin PBXResourcesBuildPhase section */
		FAD81448255EB686006EE9EC /* Resources */ = {
			isa = PBXResourcesBuildPhase;
			buildActionMask = 2147483647;
			files = (
				FAD8145A255EB687006EE9EC /* LaunchScreen.storyboard in Resources */,
				FAD81457255EB687006EE9EC /* Assets.xcassets in Resources */,
				FAD81455255EB686006EE9EC /* Main.storyboard in Resources */,
			);
			runOnlyForDeploymentPostprocessing = 0;
		};
		FAD8145E255EB687006EE9EC /* Resources */ = {
			isa = PBXResourcesBuildPhase;
			buildActionMask = 2147483647;
			files = (
			);
			runOnlyForDeploymentPostprocessing = 0;
		};
		FAD81469255EB688006EE9EC /* Resources */ = {
			isa = PBXResourcesBuildPhase;
			buildActionMask = 2147483647;
			files = (
			);
			runOnlyForDeploymentPostprocessing = 0;
		};
/* End PBXResourcesBuildPhase section */

/* Begin PBXShellScriptBuildPhase section */
		198CD76180B4BAB0624FDBFE /* [CP] Check Pods Manifest.lock */ = {
			isa = PBXShellScriptBuildPhase;
			buildActionMask = 2147483647;
			files = (
			);
			inputFileListPaths = (
			);
			inputPaths = (
				"${PODS_PODFILE_DIR_PATH}/Podfile.lock",
				"${PODS_ROOT}/Manifest.lock",
			);
			name = "[CP] Check Pods Manifest.lock";
			outputFileListPaths = (
			);
			outputPaths = (
				"$(DERIVED_FILE_DIR)/Pods-MVVMExample-MVVMExampleUITests-checkManifestLockResult.txt",
			);
			runOnlyForDeploymentPostprocessing = 0;
			shellPath = /bin/sh;
			shellScript = "diff \"${PODS_PODFILE_DIR_PATH}/Podfile.lock\" \"${PODS_ROOT}/Manifest.lock\" > /dev/null\nif [ $? != 0 ] ; then\n    # print error to STDERR\n    echo \"error: The sandbox is not in sync with the Podfile.lock. Run 'pod install' or update your CocoaPods installation.\" >&2\n    exit 1\nfi\n# This output is used by Xcode 'outputs' to avoid re-running this script phase.\necho \"SUCCESS\" > \"${SCRIPT_OUTPUT_FILE_0}\"\n";
			showEnvVarsInLog = 0;
		};
		3396AEEFF6C017D2CC437746 /* [CP] Check Pods Manifest.lock */ = {
			isa = PBXShellScriptBuildPhase;
			buildActionMask = 2147483647;
			files = (
			);
			inputFileListPaths = (
			);
			inputPaths = (
				"${PODS_PODFILE_DIR_PATH}/Podfile.lock",
				"${PODS_ROOT}/Manifest.lock",
			);
			name = "[CP] Check Pods Manifest.lock";
			outputFileListPaths = (
			);
			outputPaths = (
				"$(DERIVED_FILE_DIR)/Pods-MVVMExample-checkManifestLockResult.txt",
			);
			runOnlyForDeploymentPostprocessing = 0;
			shellPath = /bin/sh;
			shellScript = "diff \"${PODS_PODFILE_DIR_PATH}/Podfile.lock\" \"${PODS_ROOT}/Manifest.lock\" > /dev/null\nif [ $? != 0 ] ; then\n    # print error to STDERR\n    echo \"error: The sandbox is not in sync with the Podfile.lock. Run 'pod install' or update your CocoaPods installation.\" >&2\n    exit 1\nfi\n# This output is used by Xcode 'outputs' to avoid re-running this script phase.\necho \"SUCCESS\" > \"${SCRIPT_OUTPUT_FILE_0}\"\n";
			showEnvVarsInLog = 0;
		};
		5D7BF123B070943B7EB6972A /* [CP] Embed Pods Frameworks */ = {
			isa = PBXShellScriptBuildPhase;
			buildActionMask = 2147483647;
			files = (
			);
			inputFileListPaths = (
				"${PODS_ROOT}/Target Support Files/Pods-MVVMExample-MVVMExampleTests/Pods-MVVMExample-MVVMExampleTests-frameworks-${CONFIGURATION}-input-files.xcfilelist",
			);
			name = "[CP] Embed Pods Frameworks";
			outputFileListPaths = (
				"${PODS_ROOT}/Target Support Files/Pods-MVVMExample-MVVMExampleTests/Pods-MVVMExample-MVVMExampleTests-frameworks-${CONFIGURATION}-output-files.xcfilelist",
			);
			runOnlyForDeploymentPostprocessing = 0;
			shellPath = /bin/sh;
			shellScript = "\"${PODS_ROOT}/Target Support Files/Pods-MVVMExample-MVVMExampleTests/Pods-MVVMExample-MVVMExampleTests-frameworks.sh\"\n";
			showEnvVarsInLog = 0;
		};
		84401F4BA2A7244865CF331A /* [CP] Embed Pods Frameworks */ = {
			isa = PBXShellScriptBuildPhase;
			buildActionMask = 2147483647;
			files = (
			);
			inputFileListPaths = (
				"${PODS_ROOT}/Target Support Files/Pods-MVVMExample/Pods-MVVMExample-frameworks-${CONFIGURATION}-input-files.xcfilelist",
			);
			name = "[CP] Embed Pods Frameworks";
			outputFileListPaths = (
				"${PODS_ROOT}/Target Support Files/Pods-MVVMExample/Pods-MVVMExample-frameworks-${CONFIGURATION}-output-files.xcfilelist",
			);
			runOnlyForDeploymentPostprocessing = 0;
			shellPath = /bin/sh;
			shellScript = "\"${PODS_ROOT}/Target Support Files/Pods-MVVMExample/Pods-MVVMExample-frameworks.sh\"\n";
			showEnvVarsInLog = 0;
		};
		BFF3B3D1E1CF2ABBF740DA82 /* [CP] Check Pods Manifest.lock */ = {
			isa = PBXShellScriptBuildPhase;
			buildActionMask = 2147483647;
			files = (
			);
			inputFileListPaths = (
			);
			inputPaths = (
				"${PODS_PODFILE_DIR_PATH}/Podfile.lock",
				"${PODS_ROOT}/Manifest.lock",
			);
			name = "[CP] Check Pods Manifest.lock";
			outputFileListPaths = (
			);
			outputPaths = (
				"$(DERIVED_FILE_DIR)/Pods-MVVMExample-MVVMExampleTests-checkManifestLockResult.txt",
			);
			runOnlyForDeploymentPostprocessing = 0;
			shellPath = /bin/sh;
			shellScript = "diff \"${PODS_PODFILE_DIR_PATH}/Podfile.lock\" \"${PODS_ROOT}/Manifest.lock\" > /dev/null\nif [ $? != 0 ] ; then\n    # print error to STDERR\n    echo \"error: The sandbox is not in sync with the Podfile.lock. Run 'pod install' or update your CocoaPods installation.\" >&2\n    exit 1\nfi\n# This output is used by Xcode 'outputs' to avoid re-running this script phase.\necho \"SUCCESS\" > \"${SCRIPT_OUTPUT_FILE_0}\"\n";
			showEnvVarsInLog = 0;
		};
		EBF686C77223974E30B7185D /* [CP] Embed Pods Frameworks */ = {
			isa = PBXShellScriptBuildPhase;
			buildActionMask = 2147483647;
			files = (
			);
			inputFileListPaths = (
				"${PODS_ROOT}/Target Support Files/Pods-MVVMExample-MVVMExampleUITests/Pods-MVVMExample-MVVMExampleUITests-frameworks-${CONFIGURATION}-input-files.xcfilelist",
			);
			name = "[CP] Embed Pods Frameworks";
			outputFileListPaths = (
				"${PODS_ROOT}/Target Support Files/Pods-MVVMExample-MVVMExampleUITests/Pods-MVVMExample-MVVMExampleUITests-frameworks-${CONFIGURATION}-output-files.xcfilelist",
			);
			runOnlyForDeploymentPostprocessing = 0;
			shellPath = /bin/sh;
			shellScript = "\"${PODS_ROOT}/Target Support Files/Pods-MVVMExample-MVVMExampleUITests/Pods-MVVMExample-MVVMExampleUITests-frameworks.sh\"\n";
			showEnvVarsInLog = 0;
		};
		FAD814E6255ED912006EE9EC /* SwiftLint Script */ = {
			isa = PBXShellScriptBuildPhase;
			buildActionMask = 2147483647;
			files = (
			);
			inputFileListPaths = (
			);
			inputPaths = (
			);
			name = "SwiftLint Script";
			outputFileListPaths = (
			);
			outputPaths = (
			);
			runOnlyForDeploymentPostprocessing = 0;
			shellPath = /bin/sh;
			shellScript = "\"${PODS_ROOT}/SwiftLint/swiftlint\"\n";
		};
/* End PBXShellScriptBuildPhase section */

/* Begin PBXSourcesBuildPhase section */
		FAD81446255EB686006EE9EC /* Sources */ = {
			isa = PBXSourcesBuildPhase;
			buildActionMask = 2147483647;
			files = (
				FAD81452255EB686006EE9EC /* ViewController.swift in Sources */,
				FAD8144E255EB686006EE9EC /* AppDelegate.swift in Sources */,
				FAD814CF255ECF04006EE9EC /* Movies.swift in Sources */,
				FAD81450255EB686006EE9EC /* SceneDelegate.swift in Sources */,
				FAD814BE255ECCFA006EE9EC /* ConnectionManager.swift in Sources */,
				FAD814F12561DD2F006EE9EC /* HomeViewController.swift in Sources */,
				FAD8148A255EB73E006EE9EC /* HomeViewModel.swift in Sources */,
				FAD81482255EB72C006EE9EC /* HomeModel.swift in Sources */,
				FAD814EB2561DC53006EE9EC /* HomeRouter.swift in Sources */,
				FAD814B6255ECC46006EE9EC /* Constants.swift in Sources */,
			);
			runOnlyForDeploymentPostprocessing = 0;
		};
		FAD8145C255EB687006EE9EC /* Sources */ = {
			isa = PBXSourcesBuildPhase;
			buildActionMask = 2147483647;
			files = (
				FAD81465255EB687006EE9EC /* MVVMExampleTests.swift in Sources */,
			);
			runOnlyForDeploymentPostprocessing = 0;
		};
		FAD81467255EB688006EE9EC /* Sources */ = {
			isa = PBXSourcesBuildPhase;
			buildActionMask = 2147483647;
			files = (
				FAD81470255EB688006EE9EC /* MVVMExampleUITests.swift in Sources */,
			);
			runOnlyForDeploymentPostprocessing = 0;
		};
/* End PBXSourcesBuildPhase section */

/* Begin PBXTargetDependency section */
		FAD81462255EB687006EE9EC /* PBXTargetDependency */ = {
			isa = PBXTargetDependency;
			target = FAD81449255EB686006EE9EC /* MVVMExample */;
			targetProxy = FAD81461255EB687006EE9EC /* PBXContainerItemProxy */;
		};
		FAD8146D255EB688006EE9EC /* PBXTargetDependency */ = {
			isa = PBXTargetDependency;
			target = FAD81449255EB686006EE9EC /* MVVMExample */;
			targetProxy = FAD8146C255EB688006EE9EC /* PBXContainerItemProxy */;
		};
/* End PBXTargetDependency section */

/* Begin PBXVariantGroup section */
		FAD81453255EB686006EE9EC /* Main.storyboard */ = {
			isa = PBXVariantGroup;
			children = (
				FAD81454255EB686006EE9EC /* Base */,
			);
			name = Main.storyboard;
			sourceTree = "<group>";
		};
		FAD81458255EB687006EE9EC /* LaunchScreen.storyboard */ = {
			isa = PBXVariantGroup;
			children = (
				FAD81459255EB687006EE9EC /* Base */,
			);
			name = LaunchScreen.storyboard;
			sourceTree = "<group>";
		};
/* End PBXVariantGroup section */

/* Begin XCBuildConfiguration section */
		FAD81472255EB688006EE9EC /* Debug */ = {
			isa = XCBuildConfiguration;
			buildSettings = {
				ALWAYS_SEARCH_USER_PATHS = NO;
				CLANG_ANALYZER_NONNULL = YES;
				CLANG_ANALYZER_NUMBER_OBJECT_CONVERSION = YES_AGGRESSIVE;
				CLANG_CXX_LANGUAGE_STANDARD = "gnu++14";
				CLANG_CXX_LIBRARY = "libc++";
				CLANG_ENABLE_MODULES = YES;
				CLANG_ENABLE_OBJC_ARC = YES;
				CLANG_ENABLE_OBJC_WEAK = YES;
				CLANG_WARN_BLOCK_CAPTURE_AUTORELEASING = YES;
				CLANG_WARN_BOOL_CONVERSION = YES;
				CLANG_WARN_COMMA = YES;
				CLANG_WARN_CONSTANT_CONVERSION = YES;
				CLANG_WARN_DEPRECATED_OBJC_IMPLEMENTATIONS = YES;
				CLANG_WARN_DIRECT_OBJC_ISA_USAGE = YES_ERROR;
				CLANG_WARN_DOCUMENTATION_COMMENTS = YES;
				CLANG_WARN_EMPTY_BODY = YES;
				CLANG_WARN_ENUM_CONVERSION = YES;
				CLANG_WARN_INFINITE_RECURSION = YES;
				CLANG_WARN_INT_CONVERSION = YES;
				CLANG_WARN_NON_LITERAL_NULL_CONVERSION = YES;
				CLANG_WARN_OBJC_IMPLICIT_RETAIN_SELF = YES;
				CLANG_WARN_OBJC_LITERAL_CONVERSION = YES;
				CLANG_WARN_OBJC_ROOT_CLASS = YES_ERROR;
				CLANG_WARN_QUOTED_INCLUDE_IN_FRAMEWORK_HEADER = YES;
				CLANG_WARN_RANGE_LOOP_ANALYSIS = YES;
				CLANG_WARN_STRICT_PROTOTYPES = YES;
				CLANG_WARN_SUSPICIOUS_MOVE = YES;
				CLANG_WARN_UNGUARDED_AVAILABILITY = YES_AGGRESSIVE;
				CLANG_WARN_UNREACHABLE_CODE = YES;
				CLANG_WARN__DUPLICATE_METHOD_MATCH = YES;
				COPY_PHASE_STRIP = NO;
				DEBUG_INFORMATION_FORMAT = dwarf;
				ENABLE_STRICT_OBJC_MSGSEND = YES;
				ENABLE_TESTABILITY = YES;
				GCC_C_LANGUAGE_STANDARD = gnu11;
				GCC_DYNAMIC_NO_PIC = NO;
				GCC_NO_COMMON_BLOCKS = YES;
				GCC_OPTIMIZATION_LEVEL = 0;
				GCC_PREPROCESSOR_DEFINITIONS = (
					"DEBUG=1",
					"$(inherited)",
				);
				GCC_WARN_64_TO_32_BIT_CONVERSION = YES;
				GCC_WARN_ABOUT_RETURN_TYPE = YES_ERROR;
				GCC_WARN_UNDECLARED_SELECTOR = YES;
				GCC_WARN_UNINITIALIZED_AUTOS = YES_AGGRESSIVE;
				GCC_WARN_UNUSED_FUNCTION = YES;
				GCC_WARN_UNUSED_VARIABLE = YES;
				IPHONEOS_DEPLOYMENT_TARGET = 14.0;
				MTL_ENABLE_DEBUG_INFO = INCLUDE_SOURCE;
				MTL_FAST_MATH = YES;
				ONLY_ACTIVE_ARCH = YES;
				SDKROOT = iphoneos;
				SWIFT_ACTIVE_COMPILATION_CONDITIONS = DEBUG;
				SWIFT_OPTIMIZATION_LEVEL = "-Onone";
			};
			name = Debug;
		};
		FAD81473255EB688006EE9EC /* Release */ = {
			isa = XCBuildConfiguration;
			buildSettings = {
				ALWAYS_SEARCH_USER_PATHS = NO;
				CLANG_ANALYZER_NONNULL = YES;
				CLANG_ANALYZER_NUMBER_OBJECT_CONVERSION = YES_AGGRESSIVE;
				CLANG_CXX_LANGUAGE_STANDARD = "gnu++14";
				CLANG_CXX_LIBRARY = "libc++";
				CLANG_ENABLE_MODULES = YES;
				CLANG_ENABLE_OBJC_ARC = YES;
				CLANG_ENABLE_OBJC_WEAK = YES;
				CLANG_WARN_BLOCK_CAPTURE_AUTORELEASING = YES;
				CLANG_WARN_BOOL_CONVERSION = YES;
				CLANG_WARN_COMMA = YES;
				CLANG_WARN_CONSTANT_CONVERSION = YES;
				CLANG_WARN_DEPRECATED_OBJC_IMPLEMENTATIONS = YES;
				CLANG_WARN_DIRECT_OBJC_ISA_USAGE = YES_ERROR;
				CLANG_WARN_DOCUMENTATION_COMMENTS = YES;
				CLANG_WARN_EMPTY_BODY = YES;
				CLANG_WARN_ENUM_CONVERSION = YES;
				CLANG_WARN_INFINITE_RECURSION = YES;
				CLANG_WARN_INT_CONVERSION = YES;
				CLANG_WARN_NON_LITERAL_NULL_CONVERSION = YES;
				CLANG_WARN_OBJC_IMPLICIT_RETAIN_SELF = YES;
				CLANG_WARN_OBJC_LITERAL_CONVERSION = YES;
				CLANG_WARN_OBJC_ROOT_CLASS = YES_ERROR;
				CLANG_WARN_QUOTED_INCLUDE_IN_FRAMEWORK_HEADER = YES;
				CLANG_WARN_RANGE_LOOP_ANALYSIS = YES;
				CLANG_WARN_STRICT_PROTOTYPES = YES;
				CLANG_WARN_SUSPICIOUS_MOVE = YES;
				CLANG_WARN_UNGUARDED_AVAILABILITY = YES_AGGRESSIVE;
				CLANG_WARN_UNREACHABLE_CODE = YES;
				CLANG_WARN__DUPLICATE_METHOD_MATCH = YES;
				COPY_PHASE_STRIP = NO;
				DEBUG_INFORMATION_FORMAT = "dwarf-with-dsym";
				ENABLE_NS_ASSERTIONS = NO;
				ENABLE_STRICT_OBJC_MSGSEND = YES;
				GCC_C_LANGUAGE_STANDARD = gnu11;
				GCC_NO_COMMON_BLOCKS = YES;
				GCC_WARN_64_TO_32_BIT_CONVERSION = YES;
				GCC_WARN_ABOUT_RETURN_TYPE = YES_ERROR;
				GCC_WARN_UNDECLARED_SELECTOR = YES;
				GCC_WARN_UNINITIALIZED_AUTOS = YES_AGGRESSIVE;
				GCC_WARN_UNUSED_FUNCTION = YES;
				GCC_WARN_UNUSED_VARIABLE = YES;
				IPHONEOS_DEPLOYMENT_TARGET = 14.0;
				MTL_ENABLE_DEBUG_INFO = NO;
				MTL_FAST_MATH = YES;
				SDKROOT = iphoneos;
				SWIFT_COMPILATION_MODE = wholemodule;
				SWIFT_OPTIMIZATION_LEVEL = "-O";
				VALIDATE_PRODUCT = YES;
			};
			name = Release;
		};
		FAD81475255EB688006EE9EC /* Debug */ = {
			isa = XCBuildConfiguration;
			baseConfigurationReference = 119AAAEDA9CCB72282564B72 /* Pods-MVVMExample.debug.xcconfig */;
			buildSettings = {
				ASSETCATALOG_COMPILER_APPICON_NAME = AppIcon;
				ASSETCATALOG_COMPILER_GLOBAL_ACCENT_COLOR_NAME = AccentColor;
				CODE_SIGN_STYLE = Automatic;
				DEVELOPMENT_TEAM = B46D885MYD;
				INFOPLIST_FILE = MVVMExample/Info.plist;
				LD_RUNPATH_SEARCH_PATHS = (
					"$(inherited)",
					"@executable_path/Frameworks",
				);
				PRODUCT_BUNDLE_IDENTIFIER = com.DonAr.MVVMExample;
				PRODUCT_NAME = "$(TARGET_NAME)";
				SWIFT_VERSION = 5.0;
				TARGETED_DEVICE_FAMILY = "1,2";
			};
			name = Debug;
		};
		FAD81476255EB688006EE9EC /* Release */ = {
			isa = XCBuildConfiguration;
			baseConfigurationReference = DE4A1A0E2247CF0BB82C0206 /* Pods-MVVMExample.release.xcconfig */;
			buildSettings = {
				ASSETCATALOG_COMPILER_APPICON_NAME = AppIcon;
				ASSETCATALOG_COMPILER_GLOBAL_ACCENT_COLOR_NAME = AccentColor;
				CODE_SIGN_STYLE = Automatic;
				DEVELOPMENT_TEAM = B46D885MYD;
				INFOPLIST_FILE = MVVMExample/Info.plist;
				LD_RUNPATH_SEARCH_PATHS = (
					"$(inherited)",
					"@executable_path/Frameworks",
				);
				PRODUCT_BUNDLE_IDENTIFIER = com.DonAr.MVVMExample;
				PRODUCT_NAME = "$(TARGET_NAME)";
				SWIFT_VERSION = 5.0;
				TARGETED_DEVICE_FAMILY = "1,2";
			};
			name = Release;
		};
		FAD81478255EB688006EE9EC /* Debug */ = {
			isa = XCBuildConfiguration;
			baseConfigurationReference = FE2B953901B88F6171F9DEC0 /* Pods-MVVMExample-MVVMExampleTests.debug.xcconfig */;
			buildSettings = {
				ALWAYS_EMBED_SWIFT_STANDARD_LIBRARIES = YES;
				BUNDLE_LOADER = "$(TEST_HOST)";
				CODE_SIGN_STYLE = Automatic;
				DEVELOPMENT_TEAM = B46D885MYD;
				INFOPLIST_FILE = MVVMExampleTests/Info.plist;
				IPHONEOS_DEPLOYMENT_TARGET = 14.0;
				LD_RUNPATH_SEARCH_PATHS = (
					"$(inherited)",
					"@executable_path/Frameworks",
					"@loader_path/Frameworks",
				);
				PRODUCT_BUNDLE_IDENTIFIER = com.DonAr.MVVMExampleTests;
				PRODUCT_NAME = "$(TARGET_NAME)";
				SWIFT_VERSION = 5.0;
				TARGETED_DEVICE_FAMILY = "1,2";
				TEST_HOST = "$(BUILT_PRODUCTS_DIR)/MVVMExample.app/MVVMExample";
			};
			name = Debug;
		};
		FAD81479255EB688006EE9EC /* Release */ = {
			isa = XCBuildConfiguration;
			baseConfigurationReference = 77B763D1FAB53D7F84577B69 /* Pods-MVVMExample-MVVMExampleTests.release.xcconfig */;
			buildSettings = {
				ALWAYS_EMBED_SWIFT_STANDARD_LIBRARIES = YES;
				BUNDLE_LOADER = "$(TEST_HOST)";
				CODE_SIGN_STYLE = Automatic;
				DEVELOPMENT_TEAM = B46D885MYD;
				INFOPLIST_FILE = MVVMExampleTests/Info.plist;
				IPHONEOS_DEPLOYMENT_TARGET = 14.0;
				LD_RUNPATH_SEARCH_PATHS = (
					"$(inherited)",
					"@executable_path/Frameworks",
					"@loader_path/Frameworks",
				);
				PRODUCT_BUNDLE_IDENTIFIER = com.DonAr.MVVMExampleTests;
				PRODUCT_NAME = "$(TARGET_NAME)";
				SWIFT_VERSION = 5.0;
				TARGETED_DEVICE_FAMILY = "1,2";
				TEST_HOST = "$(BUILT_PRODUCTS_DIR)/MVVMExample.app/MVVMExample";
			};
			name = Release;
		};
		FAD8147B255EB688006EE9EC /* Debug */ = {
			isa = XCBuildConfiguration;
			baseConfigurationReference = 5C9B8A343F545263D743727E /* Pods-MVVMExample-MVVMExampleUITests.debug.xcconfig */;
			buildSettings = {
				ALWAYS_EMBED_SWIFT_STANDARD_LIBRARIES = YES;
				CODE_SIGN_STYLE = Automatic;
				DEVELOPMENT_TEAM = B46D885MYD;
				INFOPLIST_FILE = MVVMExampleUITests/Info.plist;
				LD_RUNPATH_SEARCH_PATHS = (
					"$(inherited)",
					"@executable_path/Frameworks",
					"@loader_path/Frameworks",
				);
				PRODUCT_BUNDLE_IDENTIFIER = com.DonAr.MVVMExampleUITests;
				PRODUCT_NAME = "$(TARGET_NAME)";
				SWIFT_VERSION = 5.0;
				TARGETED_DEVICE_FAMILY = "1,2";
				TEST_TARGET_NAME = MVVMExample;
			};
			name = Debug;
		};
		FAD8147C255EB688006EE9EC /* Release */ = {
			isa = XCBuildConfiguration;
			baseConfigurationReference = 1DFB52FF88B639C126FA4A41 /* Pods-MVVMExample-MVVMExampleUITests.release.xcconfig */;
			buildSettings = {
				ALWAYS_EMBED_SWIFT_STANDARD_LIBRARIES = YES;
				CODE_SIGN_STYLE = Automatic;
				DEVELOPMENT_TEAM = B46D885MYD;
				INFOPLIST_FILE = MVVMExampleUITests/Info.plist;
				LD_RUNPATH_SEARCH_PATHS = (
					"$(inherited)",
					"@executable_path/Frameworks",
					"@loader_path/Frameworks",
				);
				PRODUCT_BUNDLE_IDENTIFIER = com.DonAr.MVVMExampleUITests;
				PRODUCT_NAME = "$(TARGET_NAME)";
				SWIFT_VERSION = 5.0;
				TARGETED_DEVICE_FAMILY = "1,2";
				TEST_TARGET_NAME = MVVMExample;
			};
			name = Release;
		};
/* End XCBuildConfiguration section */

/* Begin XCConfigurationList section */
		FAD81445255EB686006EE9EC /* Build configuration list for PBXProject "MVVMExample" */ = {
			isa = XCConfigurationList;
			buildConfigurations = (
				FAD81472255EB688006EE9EC /* Debug */,
				FAD81473255EB688006EE9EC /* Release */,
			);
			defaultConfigurationIsVisible = 0;
			defaultConfigurationName = Release;
		};
		FAD81474255EB688006EE9EC /* Build configuration list for PBXNativeTarget "MVVMExample" */ = {
			isa = XCConfigurationList;
			buildConfigurations = (
				FAD81475255EB688006EE9EC /* Debug */,
				FAD81476255EB688006EE9EC /* Release */,
			);
			defaultConfigurationIsVisible = 0;
			defaultConfigurationName = Release;
		};
		FAD81477255EB688006EE9EC /* Build configuration list for PBXNativeTarget "MVVMExampleTests" */ = {
			isa = XCConfigurationList;
			buildConfigurations = (
				FAD81478255EB688006EE9EC /* Debug */,
				FAD81479255EB688006EE9EC /* Release */,
			);
			defaultConfigurationIsVisible = 0;
			defaultConfigurationName = Release;
		};
		FAD8147A255EB688006EE9EC /* Build configuration list for PBXNativeTarget "MVVMExampleUITests" */ = {
			isa = XCConfigurationList;
			buildConfigurations = (
				FAD8147B255EB688006EE9EC /* Debug */,
				FAD8147C255EB688006EE9EC /* Release */,
			);
			defaultConfigurationIsVisible = 0;
			defaultConfigurationName = Release;
		};
/* End XCConfigurationList section */
	};
	rootObject = FAD81442255EB686006EE9EC /* Project object */;
}
